// !$*UTF8*$!
{
	archiveVersion = 1;
	classes = {
	};
	objectVersion = 56;
	objects = {

/* Begin PBXBuildFile section */
		85072CAA2ABBFEB600269B5C /* Pretendard-Bold.otf in Resources */ = {isa = PBXBuildFile; fileRef = 85072CA62ABBFE8500269B5C /* Pretendard-Bold.otf */; };
		85072CAB2ABBFEB600269B5C /* Pretendard-Light.otf in Resources */ = {isa = PBXBuildFile; fileRef = 85072CA82ABBFE8500269B5C /* Pretendard-Light.otf */; };
		85072CAC2ABBFEB600269B5C /* Pretendard-Medium.otf in Resources */ = {isa = PBXBuildFile; fileRef = 85072CA42ABBFE8500269B5C /* Pretendard-Medium.otf */; };
		85072CAD2ABBFEB600269B5C /* Pretendard-Regular.otf in Resources */ = {isa = PBXBuildFile; fileRef = 85072CA72ABBFE8500269B5C /* Pretendard-Regular.otf */; };
		85072CAE2ABBFEB600269B5C /* Pretendard-SemiBold.otf in Resources */ = {isa = PBXBuildFile; fileRef = 85072CA52ABBFE8500269B5C /* Pretendard-SemiBold.otf */; };
		85072CAF2ABBFEB600269B5C /* Pretendard-Thin.otf in Resources */ = {isa = PBXBuildFile; fileRef = 85072CA92ABBFE8500269B5C /* Pretendard-Thin.otf */; };
		8518B0E52BA5E98C00CD3838 /* SigninViewModel.swift in Sources */ = {isa = PBXBuildFile; fileRef = 8518B0E42BA5E98C00CD3838 /* SigninViewModel.swift */; };
		8518B0E92BA5EA6400CD3838 /* WaitingViewModel.swift in Sources */ = {isa = PBXBuildFile; fileRef = 8518B0E82BA5EA6400CD3838 /* WaitingViewModel.swift */; };
		8518B0EC2BA5EA8400CD3838 /* ChatViewModel.swift in Sources */ = {isa = PBXBuildFile; fileRef = 8518B0EB2BA5EA8400CD3838 /* ChatViewModel.swift */; };
		851D30562B034593004785BB /* SigninViewModel.swift in Sources */ = {isa = PBXBuildFile; fileRef = 851D30552B034593004785BB /* SigninViewModel.swift */; };
		851D30582B03459B004785BB /* SignupPasswordViewModel.swift in Sources */ = {isa = PBXBuildFile; fileRef = 851D30572B03459B004785BB /* SignupPasswordViewModel.swift */; };
		851D305A2B034DFF004785BB /* API.swift in Sources */ = {isa = PBXBuildFile; fileRef = 851D30592B034DFF004785BB /* API.swift */; };
		851D30602B048EC8004785BB /* SigninData.swift in Sources */ = {isa = PBXBuildFile; fileRef = 851D305C2B034E10004785BB /* SigninData.swift */; };
		851D30612B048EC8004785BB /* SignupData.swift in Sources */ = {isa = PBXBuildFile; fileRef = 851D305F2B034E23004785BB /* SignupData.swift */; };
		855E172C2AB3555E000358EC /* Took_TalkApp.swift in Sources */ = {isa = PBXBuildFile; fileRef = 855E172B2AB3555E000358EC /* Took_TalkApp.swift */; };
		855E17302AB3555F000358EC /* Assets.xcassets in Resources */ = {isa = PBXBuildFile; fileRef = 855E172F2AB3555F000358EC /* Assets.xcassets */; };
		855E17332AB3555F000358EC /* Preview Assets.xcassets in Resources */ = {isa = PBXBuildFile; fileRef = 855E17322AB3555F000358EC /* Preview Assets.xcassets */; };
		855E173D2AB40200000358EC /* Fonts.swift in Sources */ = {isa = PBXBuildFile; fileRef = 855E173C2AB40200000358EC /* Fonts.swift */; };
		859897052B973CA1008CDE27 /* SignupPhoneNumberViewModel.swift in Sources */ = {isa = PBXBuildFile; fileRef = 859897042B973CA1008CDE27 /* SignupPhoneNumberViewModel.swift */; };
		859F8E8A2B995CE600F98FEB /* SignupNicNameView.swift in Sources */ = {isa = PBXBuildFile; fileRef = 859F8E892B995CE600F98FEB /* SignupNicNameView.swift */; };
		859F8E8C2B995D1400F98FEB /* SignupNicNameViewModel.swift in Sources */ = {isa = PBXBuildFile; fileRef = 859F8E8B2B995D1400F98FEB /* SignupNicNameViewModel.swift */; };
		859F8E8E2B99790E00F98FEB /* CustomBackButton.swift in Sources */ = {isa = PBXBuildFile; fileRef = 859F8E8D2B99790E00F98FEB /* CustomBackButton.swift */; };
		859F8E902B99797200F98FEB /* CustomSignSecureField.swift in Sources */ = {isa = PBXBuildFile; fileRef = 859F8E8F2B99797200F98FEB /* CustomSignSecureField.swift */; };
		85A89E3F2BA0734100AC4940 /* MbtiPickerView.swift in Sources */ = {isa = PBXBuildFile; fileRef = 85A89E3E2BA0734100AC4940 /* MbtiPickerView.swift */; };
		85A89E442BA0759200AC4940 /* SignupInterestViewModel.swift in Sources */ = {isa = PBXBuildFile; fileRef = 85A89E432BA0759200AC4940 /* SignupInterestViewModel.swift */; };
		85A89E462BA0759300AC4940 /* SignupIntroduceViewModel.swift in Sources */ = {isa = PBXBuildFile; fileRef = 85A89E452BA0759300AC4940 /* SignupIntroduceViewModel.swift */; };
		85A89E482BA0759400AC4940 /* SignupMbtiViewModel.swift in Sources */ = {isa = PBXBuildFile; fileRef = 85A89E472BA0759400AC4940 /* SignupMbtiViewModel.swift */; };
		85A89E4B2BA148B200AC4940 /* MainTabView.swift in Sources */ = {isa = PBXBuildFile; fileRef = 85A89E4A2BA148B200AC4940 /* MainTabView.swift */; };
		85A8BF232B9AED300077B5D7 /* PageView.swift in Sources */ = {isa = PBXBuildFile; fileRef = 85A8BF222B9AED300077B5D7 /* PageView.swift */; };
		85A8BF252B9AED5F0077B5D7 /* PageViewModel.swift in Sources */ = {isa = PBXBuildFile; fileRef = 85A8BF242B9AED5F0077B5D7 /* PageViewModel.swift */; };
		85A8BF272B9AF08A0077B5D7 /* SignupView.swift in Sources */ = {isa = PBXBuildFile; fileRef = 85A8BF262B9AF08A0077B5D7 /* SignupView.swift */; };
		85A8BF2A2B9AF0CB0077B5D7 /* HostingViewModel.swift in Sources */ = {isa = PBXBuildFile; fileRef = 85A8BF292B9AF0CB0077B5D7 /* HostingViewModel.swift */; };
		85A8BF2E2B9CBFA40077B5D7 /* SignupViewModel.swift in Sources */ = {isa = PBXBuildFile; fileRef = 85A8BF2D2B9CBFA40077B5D7 /* SignupViewModel.swift */; };
		85A8BF322B9CDA530077B5D7 /* SignupInterestView.swift in Sources */ = {isa = PBXBuildFile; fileRef = 85A8BF312B9CDA530077B5D7 /* SignupInterestView.swift */; };
		85A8BF342B9CDA730077B5D7 /* SignupMbtiView.swift in Sources */ = {isa = PBXBuildFile; fileRef = 85A8BF332B9CDA730077B5D7 /* SignupMbtiView.swift */; };
		85A8BF362B9CDA800077B5D7 /* SignupIntroduceView.swift in Sources */ = {isa = PBXBuildFile; fileRef = 85A8BF352B9CDA800077B5D7 /* SignupIntroduceView.swift */; };
		85A8BF382B9CE4620077B5D7 /* CustomStrokedButtonStyle.swift in Sources */ = {isa = PBXBuildFile; fileRef = 85A8BF372B9CE4620077B5D7 /* CustomStrokedButtonStyle.swift */; };
		85C6B7EF2B08801C00DC2C1E /* Token.swift in Sources */ = {isa = PBXBuildFile; fileRef = 85C6B7EE2B08801C00DC2C1E /* Token.swift */; };
		85C6B7F22B0887D600DC2C1E /* Alamofire in Frameworks */ = {isa = PBXBuildFile; productRef = 85C6B7F12B0887D600DC2C1E /* Alamofire */; };
		85C6B8182B0D102E00DC2C1E /* ChatViewModel.swift in Sources */ = {isa = PBXBuildFile; fileRef = 85C6B8172B0D102E00DC2C1E /* ChatViewModel.swift */; };
		85C6B8262B0D25C300DC2C1E /* AppDelegate.swift in Sources */ = {isa = PBXBuildFile; fileRef = 85C6B81C2B0D25C200DC2C1E /* AppDelegate.swift */; };
		85C6B83E2B0D2B5E00DC2C1E /* HomeViewModel.swift in Sources */ = {isa = PBXBuildFile; fileRef = 85C6B83D2B0D2B5E00DC2C1E /* HomeViewModel.swift */; };
		85C6B8452B0D350E00DC2C1E /* FirebaseAnalytics in Frameworks */ = {isa = PBXBuildFile; productRef = 85C6B8442B0D350E00DC2C1E /* FirebaseAnalytics */; };
		85C6B8472B0D350E00DC2C1E /* FirebaseAnalyticsOnDeviceConversion in Frameworks */ = {isa = PBXBuildFile; productRef = 85C6B8462B0D350E00DC2C1E /* FirebaseAnalyticsOnDeviceConversion */; };
		85C6B8492B0D350E00DC2C1E /* FirebaseAnalyticsSwift in Frameworks */ = {isa = PBXBuildFile; productRef = 85C6B8482B0D350E00DC2C1E /* FirebaseAnalyticsSwift */; };
		85C6B84B2B0D350E00DC2C1E /* FirebaseAnalyticsWithoutAdIdSupport in Frameworks */ = {isa = PBXBuildFile; productRef = 85C6B84A2B0D350E00DC2C1E /* FirebaseAnalyticsWithoutAdIdSupport */; };
		85C6B84D2B0D350E00DC2C1E /* FirebaseAppCheck in Frameworks */ = {isa = PBXBuildFile; productRef = 85C6B84C2B0D350E00DC2C1E /* FirebaseAppCheck */; };
		85C6B8552B0F151800DC2C1E /* GoogleService-Info.plist in Resources */ = {isa = PBXBuildFile; fileRef = 85C6B8542B0F151800DC2C1E /* GoogleService-Info.plist */; };
		85C6B8572B0F165700DC2C1E /* FirebaseAnalytics in Frameworks */ = {isa = PBXBuildFile; productRef = 85C6B8562B0F165700DC2C1E /* FirebaseAnalytics */; };
		85C6B8592B0F165700DC2C1E /* FirebaseAnalyticsOnDeviceConversion in Frameworks */ = {isa = PBXBuildFile; productRef = 85C6B8582B0F165700DC2C1E /* FirebaseAnalyticsOnDeviceConversion */; };
		85C6B85B2B0F165700DC2C1E /* FirebaseAnalyticsSwift in Frameworks */ = {isa = PBXBuildFile; productRef = 85C6B85A2B0F165700DC2C1E /* FirebaseAnalyticsSwift */; };
		85C6B85D2B0F165700DC2C1E /* FirebaseAnalyticsWithoutAdIdSupport in Frameworks */ = {isa = PBXBuildFile; productRef = 85C6B85C2B0F165700DC2C1E /* FirebaseAnalyticsWithoutAdIdSupport */; };
		85C6B85F2B0F165700DC2C1E /* FirebaseAppCheck in Frameworks */ = {isa = PBXBuildFile; productRef = 85C6B85E2B0F165700DC2C1E /* FirebaseAppCheck */; };
		85C6B8612B0F165700DC2C1E /* FirebaseAppDistribution-Beta in Frameworks */ = {isa = PBXBuildFile; productRef = 85C6B8602B0F165700DC2C1E /* FirebaseAppDistribution-Beta */; };
		85C6B8632B0F165700DC2C1E /* FirebaseAuth in Frameworks */ = {isa = PBXBuildFile; productRef = 85C6B8622B0F165700DC2C1E /* FirebaseAuth */; };
		85C6B8652B0F165700DC2C1E /* FirebaseAuthCombine-Community in Frameworks */ = {isa = PBXBuildFile; productRef = 85C6B8642B0F165700DC2C1E /* FirebaseAuthCombine-Community */; };
		85C6B8672B0F165700DC2C1E /* FirebaseCrashlytics in Frameworks */ = {isa = PBXBuildFile; productRef = 85C6B8662B0F165700DC2C1E /* FirebaseCrashlytics */; };
		85C6B8692B0F165700DC2C1E /* FirebaseDatabase in Frameworks */ = {isa = PBXBuildFile; productRef = 85C6B8682B0F165700DC2C1E /* FirebaseDatabase */; };
		85C6B86B2B0F165700DC2C1E /* FirebaseDatabaseSwift in Frameworks */ = {isa = PBXBuildFile; productRef = 85C6B86A2B0F165700DC2C1E /* FirebaseDatabaseSwift */; };
		85C6B86D2B0F165700DC2C1E /* FirebaseDynamicLinks in Frameworks */ = {isa = PBXBuildFile; productRef = 85C6B86C2B0F165700DC2C1E /* FirebaseDynamicLinks */; };
		85E6224E2B97FA82008CF2AD /* HomeView.swift in Sources */ = {isa = PBXBuildFile; fileRef = 85E6223E2B97FA81008CF2AD /* HomeView.swift */; };
		85E6224F2B97FA82008CF2AD /* AnimationMode.swift in Sources */ = {isa = PBXBuildFile; fileRef = 85E622402B97FA81008CF2AD /* AnimationMode.swift */; };
		85E622502B97FA82008CF2AD /* SexSwitchView.swift in Sources */ = {isa = PBXBuildFile; fileRef = 85E622412B97FA81008CF2AD /* SexSwitchView.swift */; };
		85E622512B97FA82008CF2AD /* ChatView.swift in Sources */ = {isa = PBXBuildFile; fileRef = 85E622432B97FA81008CF2AD /* ChatView.swift */; };
		85E622522B97FA82008CF2AD /* MessageView.swift in Sources */ = {isa = PBXBuildFile; fileRef = 85E622442B97FA81008CF2AD /* MessageView.swift */; };
		85E622532B97FA82008CF2AD /* SignupPasswordView.swift in Sources */ = {isa = PBXBuildFile; fileRef = 85E622462B97FA81008CF2AD /* SignupPasswordView.swift */; };
		85E622542B97FA82008CF2AD /* SignupPhoneNumberView.swift in Sources */ = {isa = PBXBuildFile; fileRef = 85E622472B97FA81008CF2AD /* SignupPhoneNumberView.swift */; };
		85E622562B97FA82008CF2AD /* SigninView.swift in Sources */ = {isa = PBXBuildFile; fileRef = 85E6224A2B97FA81008CF2AD /* SigninView.swift */; };
		85E622572B97FA82008CF2AD /* WaitingView.swift in Sources */ = {isa = PBXBuildFile; fileRef = 85E6224C2B97FA81008CF2AD /* WaitingView.swift */; };
		85E622582B97FA82008CF2AD /* Fish.swift in Sources */ = {isa = PBXBuildFile; fileRef = 85E6224D2B97FA81008CF2AD /* Fish.swift */; };
		85E622602B980846008CF2AD /* AgePickerView.swift in Sources */ = {isa = PBXBuildFile; fileRef = 85E6225E2B980846008CF2AD /* AgePickerView.swift */; };
		85E622652B98085B008CF2AD /* OutLineButton.swift in Sources */ = {isa = PBXBuildFile; fileRef = 85E622622B98085B008CF2AD /* OutLineButton.swift */; };
		85E6226F2B9808C5008CF2AD /* CustomSignTextField.swift in Sources */ = {isa = PBXBuildFile; fileRef = 85E6226E2B9808C5008CF2AD /* CustomSignTextField.swift */; };
		85E8913E2BA28D52005C6C35 /* FriendListView.swift in Sources */ = {isa = PBXBuildFile; fileRef = 85E8913D2BA28D52005C6C35 /* FriendListView.swift */; };
		85E891402BA28D5E005C6C35 /* FriendView.swift in Sources */ = {isa = PBXBuildFile; fileRef = 85E8913F2BA28D5E005C6C35 /* FriendView.swift */; };
		85E891432BA28D92005C6C35 /* ProfileView.swift in Sources */ = {isa = PBXBuildFile; fileRef = 85E891422BA28D92005C6C35 /* ProfileView.swift */; };
/* End PBXBuildFile section */

/* Begin PBXFileReference section */
		85072CA42ABBFE8500269B5C /* Pretendard-Medium.otf */ = {isa = PBXFileReference; lastKnownFileType = text; path = "Pretendard-Medium.otf"; sourceTree = "<group>"; };
		85072CA52ABBFE8500269B5C /* Pretendard-SemiBold.otf */ = {isa = PBXFileReference; lastKnownFileType = text; path = "Pretendard-SemiBold.otf"; sourceTree = "<group>"; };
		85072CA62ABBFE8500269B5C /* Pretendard-Bold.otf */ = {isa = PBXFileReference; lastKnownFileType = text; path = "Pretendard-Bold.otf"; sourceTree = "<group>"; };
		85072CA72ABBFE8500269B5C /* Pretendard-Regular.otf */ = {isa = PBXFileReference; lastKnownFileType = text; path = "Pretendard-Regular.otf"; sourceTree = "<group>"; };
		85072CA82ABBFE8500269B5C /* Pretendard-Light.otf */ = {isa = PBXFileReference; lastKnownFileType = text; path = "Pretendard-Light.otf"; sourceTree = "<group>"; };
		85072CA92ABBFE8500269B5C /* Pretendard-Thin.otf */ = {isa = PBXFileReference; lastKnownFileType = text; path = "Pretendard-Thin.otf"; sourceTree = "<group>"; };
		8518B0E42BA5E98C00CD3838 /* SigninViewModel.swift */ = {isa = PBXFileReference; lastKnownFileType = sourcecode.swift; name = SigninViewModel.swift; path = ../../../../../../../../SigninViewModel.swift; sourceTree = "<group>"; };
		8518B0E82BA5EA6400CD3838 /* WaitingViewModel.swift */ = {isa = PBXFileReference; lastKnownFileType = sourcecode.swift; path = WaitingViewModel.swift; sourceTree = "<group>"; };
		8518B0EB2BA5EA8400CD3838 /* ChatViewModel.swift */ = {isa = PBXFileReference; lastKnownFileType = sourcecode.swift; path = ChatViewModel.swift; sourceTree = "<group>"; };
		851D30552B034593004785BB /* SigninViewModel.swift */ = {isa = PBXFileReference; lastKnownFileType = sourcecode.swift; path = SigninViewModel.swift; sourceTree = "<group>"; };
		851D30572B03459B004785BB /* SignupPasswordViewModel.swift */ = {isa = PBXFileReference; lastKnownFileType = sourcecode.swift; path = SignupPasswordViewModel.swift; sourceTree = "<group>"; };
		851D30592B034DFF004785BB /* API.swift */ = {isa = PBXFileReference; lastKnownFileType = sourcecode.swift; path = API.swift; sourceTree = "<group>"; };
		851D305C2B034E10004785BB /* SigninData.swift */ = {isa = PBXFileReference; lastKnownFileType = sourcecode.swift; path = SigninData.swift; sourceTree = "<group>"; };
		851D305F2B034E23004785BB /* SignupData.swift */ = {isa = PBXFileReference; lastKnownFileType = sourcecode.swift; path = SignupData.swift; sourceTree = "<group>"; };
		855E17282AB3555E000358EC /* Took_Talk.app */ = {isa = PBXFileReference; explicitFileType = wrapper.application; includeInIndex = 0; path = Took_Talk.app; sourceTree = BUILT_PRODUCTS_DIR; };
		855E172B2AB3555E000358EC /* Took_TalkApp.swift */ = {isa = PBXFileReference; lastKnownFileType = sourcecode.swift; path = Took_TalkApp.swift; sourceTree = "<group>"; };
		855E172F2AB3555F000358EC /* Assets.xcassets */ = {isa = PBXFileReference; lastKnownFileType = folder.assetcatalog; path = Assets.xcassets; sourceTree = "<group>"; };
		855E17322AB3555F000358EC /* Preview Assets.xcassets */ = {isa = PBXFileReference; lastKnownFileType = folder.assetcatalog; path = "Preview Assets.xcassets"; sourceTree = "<group>"; };
		855E17392AB401A2000358EC /* Took-Talk-Info.plist */ = {isa = PBXFileReference; lastKnownFileType = text.plist.xml; name = "Took-Talk-Info.plist"; path = "Took_Talk/Source/Took-Talk-Info.plist"; sourceTree = SOURCE_ROOT; };
		855E173C2AB40200000358EC /* Fonts.swift */ = {isa = PBXFileReference; lastKnownFileType = sourcecode.swift; path = Fonts.swift; sourceTree = "<group>"; };
		859897042B973CA1008CDE27 /* SignupPhoneNumberViewModel.swift */ = {isa = PBXFileReference; lastKnownFileType = sourcecode.swift; path = SignupPhoneNumberViewModel.swift; sourceTree = "<group>"; };
		859F8E892B995CE600F98FEB /* SignupNicNameView.swift */ = {isa = PBXFileReference; lastKnownFileType = sourcecode.swift; path = SignupNicNameView.swift; sourceTree = "<group>"; };
		859F8E8B2B995D1400F98FEB /* SignupNicNameViewModel.swift */ = {isa = PBXFileReference; lastKnownFileType = sourcecode.swift; path = SignupNicNameViewModel.swift; sourceTree = "<group>"; };
		859F8E8D2B99790E00F98FEB /* CustomBackButton.swift */ = {isa = PBXFileReference; lastKnownFileType = sourcecode.swift; path = CustomBackButton.swift; sourceTree = "<group>"; };
		859F8E8F2B99797200F98FEB /* CustomSignSecureField.swift */ = {isa = PBXFileReference; lastKnownFileType = sourcecode.swift; path = CustomSignSecureField.swift; sourceTree = "<group>"; };
		85A89E3E2BA0734100AC4940 /* MbtiPickerView.swift */ = {isa = PBXFileReference; lastKnownFileType = sourcecode.swift; path = MbtiPickerView.swift; sourceTree = "<group>"; };
		85A89E432BA0759200AC4940 /* SignupInterestViewModel.swift */ = {isa = PBXFileReference; lastKnownFileType = sourcecode.swift; path = SignupInterestViewModel.swift; sourceTree = "<group>"; };
		85A89E452BA0759300AC4940 /* SignupIntroduceViewModel.swift */ = {isa = PBXFileReference; lastKnownFileType = sourcecode.swift; path = SignupIntroduceViewModel.swift; sourceTree = "<group>"; };
		85A89E472BA0759400AC4940 /* SignupMbtiViewModel.swift */ = {isa = PBXFileReference; lastKnownFileType = sourcecode.swift; path = SignupMbtiViewModel.swift; sourceTree = "<group>"; };
		85A89E4A2BA148B200AC4940 /* MainTabView.swift */ = {isa = PBXFileReference; lastKnownFileType = sourcecode.swift; path = MainTabView.swift; sourceTree = "<group>"; };
		85A8BF222B9AED300077B5D7 /* PageView.swift */ = {isa = PBXFileReference; lastKnownFileType = sourcecode.swift; path = PageView.swift; sourceTree = "<group>"; };
		85A8BF242B9AED5F0077B5D7 /* PageViewModel.swift */ = {isa = PBXFileReference; lastKnownFileType = sourcecode.swift; path = PageViewModel.swift; sourceTree = "<group>"; };
		85A8BF262B9AF08A0077B5D7 /* SignupView.swift */ = {isa = PBXFileReference; lastKnownFileType = sourcecode.swift; path = SignupView.swift; sourceTree = "<group>"; };
		85A8BF292B9AF0CB0077B5D7 /* HostingViewModel.swift */ = {isa = PBXFileReference; lastKnownFileType = sourcecode.swift; path = HostingViewModel.swift; sourceTree = "<group>"; };
		85A8BF2D2B9CBFA40077B5D7 /* SignupViewModel.swift */ = {isa = PBXFileReference; lastKnownFileType = sourcecode.swift; path = SignupViewModel.swift; sourceTree = "<group>"; };
		85A8BF312B9CDA530077B5D7 /* SignupInterestView.swift */ = {isa = PBXFileReference; lastKnownFileType = sourcecode.swift; path = SignupInterestView.swift; sourceTree = "<group>"; };
		85A8BF332B9CDA730077B5D7 /* SignupMbtiView.swift */ = {isa = PBXFileReference; lastKnownFileType = sourcecode.swift; path = SignupMbtiView.swift; sourceTree = "<group>"; };
		85A8BF352B9CDA800077B5D7 /* SignupIntroduceView.swift */ = {isa = PBXFileReference; lastKnownFileType = sourcecode.swift; path = SignupIntroduceView.swift; sourceTree = "<group>"; };
		85A8BF372B9CE4620077B5D7 /* CustomStrokedButtonStyle.swift */ = {isa = PBXFileReference; lastKnownFileType = sourcecode.swift; path = CustomStrokedButtonStyle.swift; sourceTree = "<group>"; };
		85C6B7EE2B08801C00DC2C1E /* Token.swift */ = {isa = PBXFileReference; lastKnownFileType = sourcecode.swift; path = Token.swift; sourceTree = "<group>"; };
		85C6B8172B0D102E00DC2C1E /* ChatViewModel.swift */ = {isa = PBXFileReference; lastKnownFileType = sourcecode.swift; path = ChatViewModel.swift; sourceTree = "<group>"; };
		85C6B81C2B0D25C200DC2C1E /* AppDelegate.swift */ = {isa = PBXFileReference; lastKnownFileType = sourcecode.swift; path = AppDelegate.swift; sourceTree = "<group>"; };
		85C6B83D2B0D2B5E00DC2C1E /* HomeViewModel.swift */ = {isa = PBXFileReference; lastKnownFileType = sourcecode.swift; path = HomeViewModel.swift; sourceTree = "<group>"; };
		85C6B8542B0F151800DC2C1E /* GoogleService-Info.plist */ = {isa = PBXFileReference; fileEncoding = 4; lastKnownFileType = text.plist.xml; path = "GoogleService-Info.plist"; sourceTree = "<group>"; };
		85E6223E2B97FA81008CF2AD /* HomeView.swift */ = {isa = PBXFileReference; fileEncoding = 4; lastKnownFileType = sourcecode.swift; path = HomeView.swift; sourceTree = "<group>"; };
		85E622402B97FA81008CF2AD /* AnimationMode.swift */ = {isa = PBXFileReference; fileEncoding = 4; lastKnownFileType = sourcecode.swift; path = AnimationMode.swift; sourceTree = "<group>"; };
		85E622412B97FA81008CF2AD /* SexSwitchView.swift */ = {isa = PBXFileReference; fileEncoding = 4; lastKnownFileType = sourcecode.swift; path = SexSwitchView.swift; sourceTree = "<group>"; };
		85E622432B97FA81008CF2AD /* ChatView.swift */ = {isa = PBXFileReference; fileEncoding = 4; lastKnownFileType = sourcecode.swift; path = ChatView.swift; sourceTree = "<group>"; };
		85E622442B97FA81008CF2AD /* MessageView.swift */ = {isa = PBXFileReference; fileEncoding = 4; lastKnownFileType = sourcecode.swift; path = MessageView.swift; sourceTree = "<group>"; };
		85E622462B97FA81008CF2AD /* SignupPasswordView.swift */ = {isa = PBXFileReference; fileEncoding = 4; lastKnownFileType = sourcecode.swift; path = SignupPasswordView.swift; sourceTree = "<group>"; };
		85E622472B97FA81008CF2AD /* SignupPhoneNumberView.swift */ = {isa = PBXFileReference; fileEncoding = 4; lastKnownFileType = sourcecode.swift; path = SignupPhoneNumberView.swift; sourceTree = "<group>"; };
		85E6224A2B97FA81008CF2AD /* SigninView.swift */ = {isa = PBXFileReference; fileEncoding = 4; lastKnownFileType = sourcecode.swift; path = SigninView.swift; sourceTree = "<group>"; };
		85E6224C2B97FA81008CF2AD /* WaitingView.swift */ = {isa = PBXFileReference; fileEncoding = 4; lastKnownFileType = sourcecode.swift; path = WaitingView.swift; sourceTree = "<group>"; };
		85E6224D2B97FA81008CF2AD /* Fish.swift */ = {isa = PBXFileReference; fileEncoding = 4; lastKnownFileType = sourcecode.swift; path = Fish.swift; sourceTree = "<group>"; };
		85E6225E2B980846008CF2AD /* AgePickerView.swift */ = {isa = PBXFileReference; fileEncoding = 4; lastKnownFileType = sourcecode.swift; path = AgePickerView.swift; sourceTree = "<group>"; };
		85E622622B98085B008CF2AD /* OutLineButton.swift */ = {isa = PBXFileReference; fileEncoding = 4; lastKnownFileType = sourcecode.swift; path = OutLineButton.swift; sourceTree = "<group>"; };
		85E6226E2B9808C5008CF2AD /* CustomSignTextField.swift */ = {isa = PBXFileReference; fileEncoding = 4; lastKnownFileType = sourcecode.swift; path = CustomSignTextField.swift; sourceTree = "<group>"; };
		85E8913D2BA28D52005C6C35 /* FriendListView.swift */ = {isa = PBXFileReference; lastKnownFileType = sourcecode.swift; path = FriendListView.swift; sourceTree = "<group>"; };
		85E8913F2BA28D5E005C6C35 /* FriendView.swift */ = {isa = PBXFileReference; lastKnownFileType = sourcecode.swift; path = FriendView.swift; sourceTree = "<group>"; };
		85E891422BA28D92005C6C35 /* ProfileView.swift */ = {isa = PBXFileReference; lastKnownFileType = sourcecode.swift; path = ProfileView.swift; sourceTree = "<group>"; };
/* End PBXFileReference section */

/* Begin PBXFrameworksBuildPhase section */
		855E17252AB3555E000358EC /* Frameworks */ = {
			isa = PBXFrameworksBuildPhase;
			buildActionMask = 2147483647;
			files = (
				85C6B84D2B0D350E00DC2C1E /* FirebaseAppCheck in Frameworks */,
				85C6B8632B0F165700DC2C1E /* FirebaseAuth in Frameworks */,
				85C6B85F2B0F165700DC2C1E /* FirebaseAppCheck in Frameworks */,
				85C6B8492B0D350E00DC2C1E /* FirebaseAnalyticsSwift in Frameworks */,
				85C6B85B2B0F165700DC2C1E /* FirebaseAnalyticsSwift in Frameworks */,
				85C6B8692B0F165700DC2C1E /* FirebaseDatabase in Frameworks */,
				85C6B7F22B0887D600DC2C1E /* Alamofire in Frameworks */,
				85C6B8472B0D350E00DC2C1E /* FirebaseAnalyticsOnDeviceConversion in Frameworks */,
				85C6B8612B0F165700DC2C1E /* FirebaseAppDistribution-Beta in Frameworks */,
				85C6B84B2B0D350E00DC2C1E /* FirebaseAnalyticsWithoutAdIdSupport in Frameworks */,
				85C6B85D2B0F165700DC2C1E /* FirebaseAnalyticsWithoutAdIdSupport in Frameworks */,
				85C6B8452B0D350E00DC2C1E /* FirebaseAnalytics in Frameworks */,
				85C6B86B2B0F165700DC2C1E /* FirebaseDatabaseSwift in Frameworks */,
				85C6B8592B0F165700DC2C1E /* FirebaseAnalyticsOnDeviceConversion in Frameworks */,
				85C6B8672B0F165700DC2C1E /* FirebaseCrashlytics in Frameworks */,
				85C6B8572B0F165700DC2C1E /* FirebaseAnalytics in Frameworks */,
				85C6B8652B0F165700DC2C1E /* FirebaseAuthCombine-Community in Frameworks */,
				85C6B86D2B0F165700DC2C1E /* FirebaseDynamicLinks in Frameworks */,
			);
			runOnlyForDeploymentPostprocessing = 0;
		};
/* End PBXFrameworksBuildPhase section */

/* Begin PBXGroup section */
		85072CB02ABBFEF600269B5C /* Source */ = {
			isa = PBXGroup;
			children = (
				85C6B8542B0F151800DC2C1E /* GoogleService-Info.plist */,
				855E17392AB401A2000358EC /* Took-Talk-Info.plist */,
				855E172B2AB3555E000358EC /* Took_TalkApp.swift */,
				855E172F2AB3555F000358EC /* Assets.xcassets */,
				85072CB52ABBFF4100269B5C /* Font */,
				855E17312AB3555F000358EC /* Preview Content */,
			);
			path = Source;
			sourceTree = "<group>";
		};
		85072CB12ABBFF0200269B5C /* Resource */ = {
			isa = PBXGroup;
			children = (
				85C6B81C2B0D25C200DC2C1E /* AppDelegate.swift */,
				85E6223C2B97FA81008CF2AD /* View */,
				85072CBF2ABC0F7900269B5C /* ViewModel */,
				85072CB72ABBFFB100269B5C /* Model */,
				851D30592B034DFF004785BB /* API.swift */,
			);
			path = Resource;
			sourceTree = "<group>";
		};
		85072CB52ABBFF4100269B5C /* Font */ = {
			isa = PBXGroup;
			children = (
				855E173C2AB40200000358EC /* Fonts.swift */,
				85072CA62ABBFE8500269B5C /* Pretendard-Bold.otf */,
				85072CA82ABBFE8500269B5C /* Pretendard-Light.otf */,
				85072CA42ABBFE8500269B5C /* Pretendard-Medium.otf */,
				85072CA72ABBFE8500269B5C /* Pretendard-Regular.otf */,
				85072CA52ABBFE8500269B5C /* Pretendard-SemiBold.otf */,
				85072CA92ABBFE8500269B5C /* Pretendard-Thin.otf */,
			);
			path = Font;
			sourceTree = "<group>";
		};
		85072CB72ABBFFB100269B5C /* Model */ = {
			isa = PBXGroup;
			children = (
				85A89E402BA073DE00AC4940 /* New Group */,
				851D305B2B034E10004785BB /* Signin */,
				851D305D2B034E10004785BB /* Signup */,
			);
			path = Model;
			sourceTree = "<group>";
		};
		85072CBF2ABC0F7900269B5C /* ViewModel */ = {
			isa = PBXGroup;
			children = (
				8518B0EA2BA5EA7800CD3838 /* Chat */,
				8518B0E62BA5EA5200CD3838 /* Waiting */,
				8518B0E32BA5E96E00CD3838 /* Signin */,
				85C6B83F2B0D2B9600DC2C1E /* Home */,
				85C6B8162B0D102000DC2C1E /* Chat */,
				851D30532B034588004785BB /* Signin */,
				851D30512B034588004785BB /* Signup */,
			);
			path = ViewModel;
			sourceTree = "<group>";
		};
		8518B0E32BA5E96E00CD3838 /* Signin */ = {
			isa = PBXGroup;
			children = (
				8518B0E42BA5E98C00CD3838 /* SigninViewModel.swift */,
			);
			path = Signin;
			sourceTree = "<group>";
		};
		8518B0E62BA5EA5200CD3838 /* Waiting */ = {
			isa = PBXGroup;
			children = (
				8518B0E82BA5EA6400CD3838 /* WaitingViewModel.swift */,
			);
			path = Waiting;
			sourceTree = "<group>";
		};
		8518B0EA2BA5EA7800CD3838 /* Chat */ = {
			isa = PBXGroup;
			children = (
				8518B0EB2BA5EA8400CD3838 /* ChatViewModel.swift */,
			);
			path = Chat;
			sourceTree = "<group>";
		};
		851D30512B034588004785BB /* Signup */ = {
			isa = PBXGroup;
			children = (
				85A8BF2D2B9CBFA40077B5D7 /* SignupViewModel.swift */,
				85A8BF292B9AF0CB0077B5D7 /* HostingViewModel.swift */,
				85A8BF282B9AF0B70077B5D7 /* SubViewModel */,
			);
			path = Signup;
			sourceTree = "<group>";
		};
		851D30532B034588004785BB /* Signin */ = {
			isa = PBXGroup;
			children = (
				851D30552B034593004785BB /* SigninViewModel.swift */,
				85C6B7EE2B08801C00DC2C1E /* Token.swift */,
			);
			path = Signin;
			sourceTree = "<group>";
		};
		851D305B2B034E10004785BB /* Signin */ = {
			isa = PBXGroup;
			children = (
				851D305C2B034E10004785BB /* SigninData.swift */,
			);
			path = Signin;
			sourceTree = "<group>";
		};
		851D305D2B034E10004785BB /* Signup */ = {
			isa = PBXGroup;
			children = (
				851D305F2B034E23004785BB /* SignupData.swift */,
			);
			path = Signup;
			sourceTree = "<group>";
		};
		855E171F2AB3555E000358EC = {
			isa = PBXGroup;
			children = (
				855E172A2AB3555E000358EC /* Took_Talk */,
				855E17292AB3555E000358EC /* Products */,
			);
			sourceTree = "<group>";
		};
		855E17292AB3555E000358EC /* Products */ = {
			isa = PBXGroup;
			children = (
				855E17282AB3555E000358EC /* Took_Talk.app */,
			);
			name = Products;
			sourceTree = "<group>";
		};
		855E172A2AB3555E000358EC /* Took_Talk */ = {
			isa = PBXGroup;
			children = (
				85072CB12ABBFF0200269B5C /* Resource */,
				85072CB02ABBFEF600269B5C /* Source */,
			);
			path = Took_Talk;
			sourceTree = "<group>";
		};
		855E17312AB3555F000358EC /* Preview Content */ = {
			isa = PBXGroup;
			children = (
				855E17322AB3555F000358EC /* Preview Assets.xcassets */,
			);
			path = "Preview Content";
			sourceTree = "<group>";
		};
		85A89E3B2BA072F500AC4940 /* CustomUI */ = {
			isa = PBXGroup;
			children = (
				859F8E8D2B99790E00F98FEB /* CustomBackButton.swift */,
				85E6226E2B9808C5008CF2AD /* CustomSignTextField.swift */,
				859F8E8F2B99797200F98FEB /* CustomSignSecureField.swift */,
				85A8BF372B9CE4620077B5D7 /* CustomStrokedButtonStyle.swift */,
				85A89E3E2BA0734100AC4940 /* MbtiPickerView.swift */,
			);
			path = CustomUI;
			sourceTree = "<group>";
		};
		85A89E402BA073DE00AC4940 /* New Group */ = {
			isa = PBXGroup;
			children = (
			);
			path = "New Group";
			sourceTree = "<group>";
		};
		85A89E492BA1482700AC4940 /* Main */ = {
			isa = PBXGroup;
			children = (
				85A89E4A2BA148B200AC4940 /* MainTabView.swift */,
			);
			path = Main;
			sourceTree = "<group>";
		};
		85A8BF1F2B9AED100077B5D7 /* SubView */ = {
			isa = PBXGroup;
			children = (
				85E622472B97FA81008CF2AD /* SignupPhoneNumberView.swift */,
				85E622462B97FA81008CF2AD /* SignupPasswordView.swift */,
				859F8E892B995CE600F98FEB /* SignupNicNameView.swift */,
				85A8BF312B9CDA530077B5D7 /* SignupInterestView.swift */,
				85A8BF332B9CDA730077B5D7 /* SignupMbtiView.swift */,
				85A8BF352B9CDA800077B5D7 /* SignupIntroduceView.swift */,
				85A8BF222B9AED300077B5D7 /* PageView.swift */,
			);
			path = SubView;
			sourceTree = "<group>";
		};
		85A8BF282B9AF0B70077B5D7 /* SubViewModel */ = {
			isa = PBXGroup;
			children = (
				851D30572B03459B004785BB /* SignupPasswordViewModel.swift */,
				859F8E8B2B995D1400F98FEB /* SignupNicNameViewModel.swift */,
				859897042B973CA1008CDE27 /* SignupPhoneNumberViewModel.swift */,
				85A89E432BA0759200AC4940 /* SignupInterestViewModel.swift */,
				85A89E472BA0759400AC4940 /* SignupMbtiViewModel.swift */,
				85A89E452BA0759300AC4940 /* SignupIntroduceViewModel.swift */,
				85A8BF242B9AED5F0077B5D7 /* PageViewModel.swift */,
			);
			path = SubViewModel;
			sourceTree = "<group>";
		};
		85C6B8162B0D102000DC2C1E /* Chat */ = {
			isa = PBXGroup;
			children = (
				85C6B8172B0D102E00DC2C1E /* ChatViewModel.swift */,
			);
			path = Chat;
			sourceTree = "<group>";
		};
		85C6B83F2B0D2B9600DC2C1E /* Home */ = {
			isa = PBXGroup;
			children = (
				85C6B83D2B0D2B5E00DC2C1E /* HomeViewModel.swift */,
			);
			path = Home;
			sourceTree = "<group>";
		};
		85E6223C2B97FA81008CF2AD /* View */ = {
			isa = PBXGroup;
			children = (
				85A89E3B2BA072F500AC4940 /* CustomUI */,
				85E622492B97FA81008CF2AD /* Signin */,
				85E622452B97FA81008CF2AD /* Signup */,
				85A89E492BA1482700AC4940 /* Main */,
				85E8913C2BA28D0B005C6C35 /* FriendList */,
				85E6223D2B97FA81008CF2AD /* Home */,
				85E622422B97FA81008CF2AD /* Chat */,
				85E6224B2B97FA81008CF2AD /* Waiting */,
				85E891412BA28D6E005C6C35 /* Profile */,
			);
			path = View;
			sourceTree = "<group>";
		};
		85E6223D2B97FA81008CF2AD /* Home */ = {
			isa = PBXGroup;
			children = (
				85E6223E2B97FA81008CF2AD /* HomeView.swift */,
				85E622612B98085B008CF2AD /* SelectInterest */,
				85E6225C2B980846008CF2AD /* CustomAge */,
				85E6223F2B97FA81008CF2AD /* SexSwitch */,
			);
			path = Home;
			sourceTree = "<group>";
		};
		85E6223F2B97FA81008CF2AD /* SexSwitch */ = {
			isa = PBXGroup;
			children = (
				85E622402B97FA81008CF2AD /* AnimationMode.swift */,
				85E622412B97FA81008CF2AD /* SexSwitchView.swift */,
			);
			path = SexSwitch;
			sourceTree = "<group>";
		};
		85E622422B97FA81008CF2AD /* Chat */ = {
			isa = PBXGroup;
			children = (
				85E622432B97FA81008CF2AD /* ChatView.swift */,
				85E622442B97FA81008CF2AD /* MessageView.swift */,
			);
			path = Chat;
			sourceTree = "<group>";
		};
		85E622452B97FA81008CF2AD /* Signup */ = {
			isa = PBXGroup;
			children = (
				85A8BF262B9AF08A0077B5D7 /* SignupView.swift */,
				85A8BF1F2B9AED100077B5D7 /* SubView */,
			);
			path = Signup;
			sourceTree = "<group>";
		};
		85E622492B97FA81008CF2AD /* Signin */ = {
			isa = PBXGroup;
			children = (
				85E6224A2B97FA81008CF2AD /* SigninView.swift */,
			);
			path = Signin;
			sourceTree = "<group>";
		};
		85E6224B2B97FA81008CF2AD /* Waiting */ = {
			isa = PBXGroup;
			children = (
				85E6224C2B97FA81008CF2AD /* WaitingView.swift */,
				85E6224D2B97FA81008CF2AD /* Fish.swift */,
			);
			path = Waiting;
			sourceTree = "<group>";
		};
		85E6225C2B980846008CF2AD /* CustomAge */ = {
			isa = PBXGroup;
			children = (
				85E6225E2B980846008CF2AD /* AgePickerView.swift */,
			);
			path = CustomAge;
			sourceTree = "<group>";
		};
		85E622612B98085B008CF2AD /* SelectInterest */ = {
			isa = PBXGroup;
			children = (
				85E622622B98085B008CF2AD /* OutLineButton.swift */,
			);
			path = SelectInterest;
			sourceTree = "<group>";
		};
		85E8913C2BA28D0B005C6C35 /* FriendList */ = {
			isa = PBXGroup;
			children = (
				85E8913D2BA28D52005C6C35 /* FriendListView.swift */,
				85E8913F2BA28D5E005C6C35 /* FriendView.swift */,
			);
			path = FriendList;
			sourceTree = "<group>";
		};
		85E891412BA28D6E005C6C35 /* Profile */ = {
			isa = PBXGroup;
			children = (
				85E891422BA28D92005C6C35 /* ProfileView.swift */,
			);
			path = Profile;
			sourceTree = "<group>";
		};
/* End PBXGroup section */

/* Begin PBXNativeTarget section */
		855E17272AB3555E000358EC /* Took_Talk */ = {
			isa = PBXNativeTarget;
			buildConfigurationList = 855E17362AB3555F000358EC /* Build configuration list for PBXNativeTarget "Took_Talk" */;
			buildPhases = (
				855E17242AB3555E000358EC /* Sources */,
				855E17252AB3555E000358EC /* Frameworks */,
				855E17262AB3555E000358EC /* Resources */,
			);
			buildRules = (
			);
			dependencies = (
			);
			name = Took_Talk;
			packageProductDependencies = (
				85C6B7F12B0887D600DC2C1E /* Alamofire */,
				85C6B8442B0D350E00DC2C1E /* FirebaseAnalytics */,
				85C6B8462B0D350E00DC2C1E /* FirebaseAnalyticsOnDeviceConversion */,
				85C6B8482B0D350E00DC2C1E /* FirebaseAnalyticsSwift */,
				85C6B84A2B0D350E00DC2C1E /* FirebaseAnalyticsWithoutAdIdSupport */,
				85C6B84C2B0D350E00DC2C1E /* FirebaseAppCheck */,
				85C6B8562B0F165700DC2C1E /* FirebaseAnalytics */,
				85C6B8582B0F165700DC2C1E /* FirebaseAnalyticsOnDeviceConversion */,
				85C6B85A2B0F165700DC2C1E /* FirebaseAnalyticsSwift */,
				85C6B85C2B0F165700DC2C1E /* FirebaseAnalyticsWithoutAdIdSupport */,
				85C6B85E2B0F165700DC2C1E /* FirebaseAppCheck */,
				85C6B8602B0F165700DC2C1E /* FirebaseAppDistribution-Beta */,
				85C6B8622B0F165700DC2C1E /* FirebaseAuth */,
				85C6B8642B0F165700DC2C1E /* FirebaseAuthCombine-Community */,
				85C6B8662B0F165700DC2C1E /* FirebaseCrashlytics */,
				85C6B8682B0F165700DC2C1E /* FirebaseDatabase */,
				85C6B86A2B0F165700DC2C1E /* FirebaseDatabaseSwift */,
				85C6B86C2B0F165700DC2C1E /* FirebaseDynamicLinks */,
			);
			productName = Took_Talk;
			productReference = 855E17282AB3555E000358EC /* Took_Talk.app */;
			productType = "com.apple.product-type.application";
		};
/* End PBXNativeTarget section */

/* Begin PBXProject section */
		855E17202AB3555E000358EC /* Project object */ = {
			isa = PBXProject;
			attributes = {
				BuildIndependentTargetsInParallel = 1;
				LastSwiftUpdateCheck = 1430;
				LastUpgradeCheck = 1430;
				TargetAttributes = {
					855E17272AB3555E000358EC = {
						CreatedOnToolsVersion = 14.3.1;
					};
				};
			};
			buildConfigurationList = 855E17232AB3555E000358EC /* Build configuration list for PBXProject "Took_Talk" */;
			compatibilityVersion = "Xcode 14.0";
			developmentRegion = en;
			hasScannedForEncodings = 0;
			knownRegions = (
				en,
				Base,
			);
			mainGroup = 855E171F2AB3555E000358EC;
			packageReferences = (
				85072CBA2ABC002D00269B5C /* XCRemoteSwiftPackageReference "Alamofire" */,
				85C6B8432B0D350E00DC2C1E /* XCRemoteSwiftPackageReference "firebase-ios-sdk" */,
			);
			productRefGroup = 855E17292AB3555E000358EC /* Products */;
			projectDirPath = "";
			projectRoot = "";
			targets = (
				855E17272AB3555E000358EC /* Took_Talk */,
			);
		};
/* End PBXProject section */

/* Begin PBXResourcesBuildPhase section */
		855E17262AB3555E000358EC /* Resources */ = {
			isa = PBXResourcesBuildPhase;
			buildActionMask = 2147483647;
			files = (
				85072CAA2ABBFEB600269B5C /* Pretendard-Bold.otf in Resources */,
				85C6B8552B0F151800DC2C1E /* GoogleService-Info.plist in Resources */,
				85072CAB2ABBFEB600269B5C /* Pretendard-Light.otf in Resources */,
				85072CAC2ABBFEB600269B5C /* Pretendard-Medium.otf in Resources */,
				85072CAD2ABBFEB600269B5C /* Pretendard-Regular.otf in Resources */,
				85072CAE2ABBFEB600269B5C /* Pretendard-SemiBold.otf in Resources */,
				85072CAF2ABBFEB600269B5C /* Pretendard-Thin.otf in Resources */,
				855E17332AB3555F000358EC /* Preview Assets.xcassets in Resources */,
				855E17302AB3555F000358EC /* Assets.xcassets in Resources */,
			);
			runOnlyForDeploymentPostprocessing = 0;
		};
/* End PBXResourcesBuildPhase section */

/* Begin PBXSourcesBuildPhase section */
		855E17242AB3555E000358EC /* Sources */ = {
			isa = PBXSourcesBuildPhase;
			buildActionMask = 2147483647;
			files = (
				85E622512B97FA82008CF2AD /* ChatView.swift in Sources */,
				85E622572B97FA82008CF2AD /* WaitingView.swift in Sources */,
				8518B0E52BA5E98C00CD3838 /* SigninViewModel.swift in Sources */,
				859897052B973CA1008CDE27 /* SignupPhoneNumberViewModel.swift in Sources */,
				85E622582B97FA82008CF2AD /* Fish.swift in Sources */,
				85A8BF362B9CDA800077B5D7 /* SignupIntroduceView.swift in Sources */,
				851D30602B048EC8004785BB /* SigninData.swift in Sources */,
				85A8BF2A2B9AF0CB0077B5D7 /* HostingViewModel.swift in Sources */,
				85E622522B97FA82008CF2AD /* MessageView.swift in Sources */,
				85A8BF382B9CE4620077B5D7 /* CustomStrokedButtonStyle.swift in Sources */,
				859F8E902B99797200F98FEB /* CustomSignSecureField.swift in Sources */,
				851D30612B048EC8004785BB /* SignupData.swift in Sources */,
				85A8BF252B9AED5F0077B5D7 /* PageViewModel.swift in Sources */,
				85C6B8182B0D102E00DC2C1E /* ChatViewModel.swift in Sources */,
				85A8BF322B9CDA530077B5D7 /* SignupInterestView.swift in Sources */,
				85E622542B97FA82008CF2AD /* SignupPhoneNumberView.swift in Sources */,
				859F8E8E2B99790E00F98FEB /* CustomBackButton.swift in Sources */,
				851D30582B03459B004785BB /* SignupPasswordViewModel.swift in Sources */,
				85E6226F2B9808C5008CF2AD /* CustomSignTextField.swift in Sources */,
				85A89E4B2BA148B200AC4940 /* MainTabView.swift in Sources */,
				85A8BF232B9AED300077B5D7 /* PageView.swift in Sources */,
				85E8913E2BA28D52005C6C35 /* FriendListView.swift in Sources */,
				85E622502B97FA82008CF2AD /* SexSwitchView.swift in Sources */,
				855E172C2AB3555E000358EC /* Took_TalkApp.swift in Sources */,
				85A8BF272B9AF08A0077B5D7 /* SignupView.swift in Sources */,
				85E891432BA28D92005C6C35 /* ProfileView.swift in Sources */,
				85A89E462BA0759300AC4940 /* SignupIntroduceViewModel.swift in Sources */,
				85C6B7EF2B08801C00DC2C1E /* Token.swift in Sources */,
				85E622532B97FA82008CF2AD /* SignupPasswordView.swift in Sources */,
				85E622562B97FA82008CF2AD /* SigninView.swift in Sources */,
				85A89E3F2BA0734100AC4940 /* MbtiPickerView.swift in Sources */,
				85E6224F2B97FA82008CF2AD /* AnimationMode.swift in Sources */,
				85A8BF342B9CDA730077B5D7 /* SignupMbtiView.swift in Sources */,
				85E622652B98085B008CF2AD /* OutLineButton.swift in Sources */,
				859F8E8C2B995D1400F98FEB /* SignupNicNameViewModel.swift in Sources */,
				85A89E482BA0759400AC4940 /* SignupMbtiViewModel.swift in Sources */,
				85C6B83E2B0D2B5E00DC2C1E /* HomeViewModel.swift in Sources */,
				8518B0E92BA5EA6400CD3838 /* WaitingViewModel.swift in Sources */,
				855E173D2AB40200000358EC /* Fonts.swift in Sources */,
				85C6B8262B0D25C300DC2C1E /* AppDelegate.swift in Sources */,
				859F8E8A2B995CE600F98FEB /* SignupNicNameView.swift in Sources */,
				85A8BF2E2B9CBFA40077B5D7 /* SignupViewModel.swift in Sources */,
				85E622602B980846008CF2AD /* AgePickerView.swift in Sources */,
				8518B0EC2BA5EA8400CD3838 /* ChatViewModel.swift in Sources */,
				85A89E442BA0759200AC4940 /* SignupInterestViewModel.swift in Sources */,
				85E6224E2B97FA82008CF2AD /* HomeView.swift in Sources */,
				851D305A2B034DFF004785BB /* API.swift in Sources */,
				85E891402BA28D5E005C6C35 /* FriendView.swift in Sources */,
				851D30562B034593004785BB /* SigninViewModel.swift in Sources */,
			);
			runOnlyForDeploymentPostprocessing = 0;
		};
/* End PBXSourcesBuildPhase section */

/* Begin XCBuildConfiguration section */
		855E17342AB3555F000358EC /* Debug */ = {
			isa = XCBuildConfiguration;
			buildSettings = {
				ALWAYS_SEARCH_USER_PATHS = NO;
				CLANG_ANALYZER_NONNULL = YES;
				CLANG_ANALYZER_NUMBER_OBJECT_CONVERSION = YES_AGGRESSIVE;
				CLANG_CXX_LANGUAGE_STANDARD = "gnu++20";
				CLANG_ENABLE_MODULES = YES;
				CLANG_ENABLE_OBJC_ARC = YES;
				CLANG_ENABLE_OBJC_WEAK = YES;
				CLANG_WARN_BLOCK_CAPTURE_AUTORELEASING = YES;
				CLANG_WARN_BOOL_CONVERSION = YES;
				CLANG_WARN_COMMA = YES;
				CLANG_WARN_CONSTANT_CONVERSION = YES;
				CLANG_WARN_DEPRECATED_OBJC_IMPLEMENTATIONS = YES;
				CLANG_WARN_DIRECT_OBJC_ISA_USAGE = YES_ERROR;
				CLANG_WARN_DOCUMENTATION_COMMENTS = YES;
				CLANG_WARN_EMPTY_BODY = YES;
				CLANG_WARN_ENUM_CONVERSION = YES;
				CLANG_WARN_INFINITE_RECURSION = YES;
				CLANG_WARN_INT_CONVERSION = YES;
				CLANG_WARN_NON_LITERAL_NULL_CONVERSION = YES;
				CLANG_WARN_OBJC_IMPLICIT_RETAIN_SELF = YES;
				CLANG_WARN_OBJC_LITERAL_CONVERSION = YES;
				CLANG_WARN_OBJC_ROOT_CLASS = YES_ERROR;
				CLANG_WARN_QUOTED_INCLUDE_IN_FRAMEWORK_HEADER = YES;
				CLANG_WARN_RANGE_LOOP_ANALYSIS = YES;
				CLANG_WARN_STRICT_PROTOTYPES = YES;
				CLANG_WARN_SUSPICIOUS_MOVE = YES;
				CLANG_WARN_UNGUARDED_AVAILABILITY = YES_AGGRESSIVE;
				CLANG_WARN_UNREACHABLE_CODE = YES;
				CLANG_WARN__DUPLICATE_METHOD_MATCH = YES;
				COPY_PHASE_STRIP = NO;
				DEBUG_INFORMATION_FORMAT = dwarf;
				ENABLE_STRICT_OBJC_MSGSEND = YES;
				ENABLE_TESTABILITY = YES;
				GCC_C_LANGUAGE_STANDARD = gnu11;
				GCC_DYNAMIC_NO_PIC = NO;
				GCC_NO_COMMON_BLOCKS = YES;
				GCC_OPTIMIZATION_LEVEL = 0;
				GCC_PREPROCESSOR_DEFINITIONS = (
					"DEBUG=1",
					"$(inherited)",
				);
				GCC_WARN_64_TO_32_BIT_CONVERSION = YES;
				GCC_WARN_ABOUT_RETURN_TYPE = YES_ERROR;
				GCC_WARN_UNDECLARED_SELECTOR = YES;
				GCC_WARN_UNINITIALIZED_AUTOS = YES_AGGRESSIVE;
				GCC_WARN_UNUSED_FUNCTION = YES;
				GCC_WARN_UNUSED_VARIABLE = YES;
				IPHONEOS_DEPLOYMENT_TARGET = 16.4;
				MTL_ENABLE_DEBUG_INFO = INCLUDE_SOURCE;
				MTL_FAST_MATH = YES;
				ONLY_ACTIVE_ARCH = YES;
				SDKROOT = iphoneos;
				SWIFT_ACTIVE_COMPILATION_CONDITIONS = DEBUG;
				SWIFT_OPTIMIZATION_LEVEL = "-Onone";
			};
			name = Debug;
		};
		855E17352AB3555F000358EC /* Release */ = {
			isa = XCBuildConfiguration;
			buildSettings = {
				ALWAYS_SEARCH_USER_PATHS = NO;
				CLANG_ANALYZER_NONNULL = YES;
				CLANG_ANALYZER_NUMBER_OBJECT_CONVERSION = YES_AGGRESSIVE;
				CLANG_CXX_LANGUAGE_STANDARD = "gnu++20";
				CLANG_ENABLE_MODULES = YES;
				CLANG_ENABLE_OBJC_ARC = YES;
				CLANG_ENABLE_OBJC_WEAK = YES;
				CLANG_WARN_BLOCK_CAPTURE_AUTORELEASING = YES;
				CLANG_WARN_BOOL_CONVERSION = YES;
				CLANG_WARN_COMMA = YES;
				CLANG_WARN_CONSTANT_CONVERSION = YES;
				CLANG_WARN_DEPRECATED_OBJC_IMPLEMENTATIONS = YES;
				CLANG_WARN_DIRECT_OBJC_ISA_USAGE = YES_ERROR;
				CLANG_WARN_DOCUMENTATION_COMMENTS = YES;
				CLANG_WARN_EMPTY_BODY = YES;
				CLANG_WARN_ENUM_CONVERSION = YES;
				CLANG_WARN_INFINITE_RECURSION = YES;
				CLANG_WARN_INT_CONVERSION = YES;
				CLANG_WARN_NON_LITERAL_NULL_CONVERSION = YES;
				CLANG_WARN_OBJC_IMPLICIT_RETAIN_SELF = YES;
				CLANG_WARN_OBJC_LITERAL_CONVERSION = YES;
				CLANG_WARN_OBJC_ROOT_CLASS = YES_ERROR;
				CLANG_WARN_QUOTED_INCLUDE_IN_FRAMEWORK_HEADER = YES;
				CLANG_WARN_RANGE_LOOP_ANALYSIS = YES;
				CLANG_WARN_STRICT_PROTOTYPES = YES;
				CLANG_WARN_SUSPICIOUS_MOVE = YES;
				CLANG_WARN_UNGUARDED_AVAILABILITY = YES_AGGRESSIVE;
				CLANG_WARN_UNREACHABLE_CODE = YES;
				CLANG_WARN__DUPLICATE_METHOD_MATCH = YES;
				COPY_PHASE_STRIP = NO;
				DEBUG_INFORMATION_FORMAT = "dwarf-with-dsym";
				ENABLE_NS_ASSERTIONS = NO;
				ENABLE_STRICT_OBJC_MSGSEND = YES;
				GCC_C_LANGUAGE_STANDARD = gnu11;
				GCC_NO_COMMON_BLOCKS = YES;
				GCC_WARN_64_TO_32_BIT_CONVERSION = YES;
				GCC_WARN_ABOUT_RETURN_TYPE = YES_ERROR;
				GCC_WARN_UNDECLARED_SELECTOR = YES;
				GCC_WARN_UNINITIALIZED_AUTOS = YES_AGGRESSIVE;
				GCC_WARN_UNUSED_FUNCTION = YES;
				GCC_WARN_UNUSED_VARIABLE = YES;
				IPHONEOS_DEPLOYMENT_TARGET = 16.4;
				MTL_ENABLE_DEBUG_INFO = NO;
				MTL_FAST_MATH = YES;
				SDKROOT = iphoneos;
				SWIFT_COMPILATION_MODE = wholemodule;
				SWIFT_OPTIMIZATION_LEVEL = "-O";
				VALIDATE_PRODUCT = YES;
			};
			name = Release;
		};
		855E17372AB3555F000358EC /* Debug */ = {
			isa = XCBuildConfiguration;
			buildSettings = {
				ASSETCATALOG_COMPILER_APPICON_NAME = AppIcon;
				ASSETCATALOG_COMPILER_GLOBAL_ACCENT_COLOR_NAME = AccentColor;
				CODE_SIGN_STYLE = Automatic;
				CURRENT_PROJECT_VERSION = 1;
				DEVELOPMENT_ASSET_PATHS = "\"Took_Talk/Source/Preview Content\"";
				DEVELOPMENT_TEAM = W7X5HRD463;
				ENABLE_PREVIEWS = YES;
				GENERATE_INFOPLIST_FILE = YES;
				INFOPLIST_FILE = "Took_Talk/Source/Took-Talk-Info.plist";
				INFOPLIST_KEY_UIApplicationSceneManifest_Generation = YES;
				INFOPLIST_KEY_UIApplicationSupportsIndirectInputEvents = YES;
				INFOPLIST_KEY_UILaunchScreen_Generation = YES;
				INFOPLIST_KEY_UISupportedInterfaceOrientations_iPad = "UIInterfaceOrientationPortrait UIInterfaceOrientationPortraitUpsideDown UIInterfaceOrientationLandscapeLeft UIInterfaceOrientationLandscapeRight";
				INFOPLIST_KEY_UISupportedInterfaceOrientations_iPhone = "UIInterfaceOrientationPortrait UIInterfaceOrientationLandscapeLeft UIInterfaceOrientationLandscapeRight";
				IPHONEOS_DEPLOYMENT_TARGET = 16.6;
				LD_RUNPATH_SEARCH_PATHS = (
					"$(inherited)",
					"@executable_path/Frameworks",
				);
				MARKETING_VERSION = 1.0;
				PRODUCT_BUNDLE_IDENTIFIER = "com.dgsw.personalproject.Took-Talk";
				PRODUCT_NAME = "$(TARGET_NAME)";
				SWIFT_EMIT_LOC_STRINGS = YES;
				SWIFT_VERSION = 5.0;
				TARGETED_DEVICE_FAMILY = "1,2";
			};
			name = Debug;
		};
		855E17382AB3555F000358EC /* Release */ = {
			isa = XCBuildConfiguration;
			buildSettings = {
				ASSETCATALOG_COMPILER_APPICON_NAME = AppIcon;
				ASSETCATALOG_COMPILER_GLOBAL_ACCENT_COLOR_NAME = AccentColor;
				CODE_SIGN_STYLE = Automatic;
				CURRENT_PROJECT_VERSION = 1;
				DEVELOPMENT_ASSET_PATHS = "\"Took_Talk/Source/Preview Content\"";
				DEVELOPMENT_TEAM = W7X5HRD463;
				ENABLE_PREVIEWS = YES;
				GENERATE_INFOPLIST_FILE = YES;
				INFOPLIST_FILE = "Took_Talk/Source/Took-Talk-Info.plist";
				INFOPLIST_KEY_UIApplicationSceneManifest_Generation = YES;
				INFOPLIST_KEY_UIApplicationSupportsIndirectInputEvents = YES;
				INFOPLIST_KEY_UILaunchScreen_Generation = YES;
				INFOPLIST_KEY_UISupportedInterfaceOrientations_iPad = "UIInterfaceOrientationPortrait UIInterfaceOrientationPortraitUpsideDown UIInterfaceOrientationLandscapeLeft UIInterfaceOrientationLandscapeRight";
				INFOPLIST_KEY_UISupportedInterfaceOrientations_iPhone = "UIInterfaceOrientationPortrait UIInterfaceOrientationLandscapeLeft UIInterfaceOrientationLandscapeRight";
				IPHONEOS_DEPLOYMENT_TARGET = 16.6;
				LD_RUNPATH_SEARCH_PATHS = (
					"$(inherited)",
					"@executable_path/Frameworks",
				);
				MARKETING_VERSION = 1.0;
				PRODUCT_BUNDLE_IDENTIFIER = "com.dgsw.personalproject.Took-Talk";
				PRODUCT_NAME = "$(TARGET_NAME)";
				SWIFT_EMIT_LOC_STRINGS = YES;
				SWIFT_VERSION = 5.0;
				TARGETED_DEVICE_FAMILY = "1,2";
			};
			name = Release;
		};
/* End XCBuildConfiguration section */

/* Begin XCConfigurationList section */
		855E17232AB3555E000358EC /* Build configuration list for PBXProject "Took_Talk" */ = {
			isa = XCConfigurationList;
			buildConfigurations = (
				855E17342AB3555F000358EC /* Debug */,
				855E17352AB3555F000358EC /* Release */,
			);
			defaultConfigurationIsVisible = 0;
			defaultConfigurationName = Release;
		};
		855E17362AB3555F000358EC /* Build configuration list for PBXNativeTarget "Took_Talk" */ = {
			isa = XCConfigurationList;
			buildConfigurations = (
				855E17372AB3555F000358EC /* Debug */,
				855E17382AB3555F000358EC /* Release */,
			);
			defaultConfigurationIsVisible = 0;
			defaultConfigurationName = Release;
		};
/* End XCConfigurationList section */

/* Begin XCRemoteSwiftPackageReference section */
		85072CBA2ABC002D00269B5C /* XCRemoteSwiftPackageReference "Alamofire" */ = {
			isa = XCRemoteSwiftPackageReference;
			repositoryURL = "https://github.com/Alamofire/Alamofire";
			requirement = {
				kind = upToNextMajorVersion;
				minimumVersion = 5.0.0;
			};
		};
		85C6B8432B0D350E00DC2C1E /* XCRemoteSwiftPackageReference "firebase-ios-sdk" */ = {
			isa = XCRemoteSwiftPackageReference;
			repositoryURL = "https://github.com/firebase/firebase-ios-sdk";
			requirement = {
				kind = upToNextMajorVersion;
				minimumVersion = 10.18.0;
			};
		};
/* End XCRemoteSwiftPackageReference section */

/* Begin XCSwiftPackageProductDependency section */
		85C6B7F12B0887D600DC2C1E /* Alamofire */ = {
			isa = XCSwiftPackageProductDependency;
			package = 85072CBA2ABC002D00269B5C /* XCRemoteSwiftPackageReference "Alamofire" */;
			productName = Alamofire;
		};
		85C6B8442B0D350E00DC2C1E /* FirebaseAnalytics */ = {
			isa = XCSwiftPackageProductDependency;
			package = 85C6B8432B0D350E00DC2C1E /* XCRemoteSwiftPackageReference "firebase-ios-sdk" */;
			productName = FirebaseAnalytics;
		};
		85C6B8462B0D350E00DC2C1E /* FirebaseAnalyticsOnDeviceConversion */ = {
			isa = XCSwiftPackageProductDependency;
			package = 85C6B8432B0D350E00DC2C1E /* XCRemoteSwiftPackageReference "firebase-ios-sdk" */;
			productName = FirebaseAnalyticsOnDeviceConversion;
		};
		85C6B8482B0D350E00DC2C1E /* FirebaseAnalyticsSwift */ = {
			isa = XCSwiftPackageProductDependency;
			package = 85C6B8432B0D350E00DC2C1E /* XCRemoteSwiftPackageReference "firebase-ios-sdk" */;
			productName = FirebaseAnalyticsSwift;
		};
		85C6B84A2B0D350E00DC2C1E /* FirebaseAnalyticsWithoutAdIdSupport */ = {
			isa = XCSwiftPackageProductDependency;
			package = 85C6B8432B0D350E00DC2C1E /* XCRemoteSwiftPackageReference "firebase-ios-sdk" */;
			productName = FirebaseAnalyticsWithoutAdIdSupport;
		};
		85C6B84C2B0D350E00DC2C1E /* FirebaseAppCheck */ = {
			isa = XCSwiftPackageProductDependency;
			package = 85C6B8432B0D350E00DC2C1E /* XCRemoteSwiftPackageReference "firebase-ios-sdk" */;
			productName = FirebaseAppCheck;
		};
		85C6B8562B0F165700DC2C1E /* FirebaseAnalytics */ = {
			isa = XCSwiftPackageProductDependency;
			package = 85C6B8432B0D350E00DC2C1E /* XCRemoteSwiftPackageReference "firebase-ios-sdk" */;
			productName = FirebaseAnalytics;
		};
		85C6B8582B0F165700DC2C1E /* FirebaseAnalyticsOnDeviceConversion */ = {
			isa = XCSwiftPackageProductDependency;
			package = 85C6B8432B0D350E00DC2C1E /* XCRemoteSwiftPackageReference "firebase-ios-sdk" */;
			productName = FirebaseAnalyticsOnDeviceConversion;
		};
		85C6B85A2B0F165700DC2C1E /* FirebaseAnalyticsSwift */ = {
			isa = XCSwiftPackageProductDependency;
			package = 85C6B8432B0D350E00DC2C1E /* XCRemoteSwiftPackageReference "firebase-ios-sdk" */;
			productName = FirebaseAnalyticsSwift;
		};
		85C6B85C2B0F165700DC2C1E /* FirebaseAnalyticsWithoutAdIdSupport */ = {
			isa = XCSwiftPackageProductDependency;
			package = 85C6B8432B0D350E00DC2C1E /* XCRemoteSwiftPackageReference "firebase-ios-sdk" */;
			productName = FirebaseAnalyticsWithoutAdIdSupport;
		};
		85C6B85E2B0F165700DC2C1E /* FirebaseAppCheck */ = {
			isa = XCSwiftPackageProductDependency;
			package = 85C6B8432B0D350E00DC2C1E /* XCRemoteSwiftPackageReference "firebase-ios-sdk" */;
			productName = FirebaseAppCheck;
		};
		85C6B8602B0F165700DC2C1E /* FirebaseAppDistribution-Beta */ = {
			isa = XCSwiftPackageProductDependency;
			package = 85C6B8432B0D350E00DC2C1E /* XCRemoteSwiftPackageReference "firebase-ios-sdk" */;
			productName = "FirebaseAppDistribution-Beta";
		};
		85C6B8622B0F165700DC2C1E /* FirebaseAuth */ = {
			isa = XCSwiftPackageProductDependency;
			package = 85C6B8432B0D350E00DC2C1E /* XCRemoteSwiftPackageReference "firebase-ios-sdk" */;
			productName = FirebaseAuth;
		};
		85C6B8642B0F165700DC2C1E /* FirebaseAuthCombine-Community */ = {
			isa = XCSwiftPackageProductDependency;
			package = 85C6B8432B0D350E00DC2C1E /* XCRemoteSwiftPackageReference "firebase-ios-sdk" */;
			productName = "FirebaseAuthCombine-Community";
		};
		85C6B8662B0F165700DC2C1E /* FirebaseCrashlytics */ = {
			isa = XCSwiftPackageProductDependency;
			package = 85C6B8432B0D350E00DC2C1E /* XCRemoteSwiftPackageReference "firebase-ios-sdk" */;
			productName = FirebaseCrashlytics;
		};
		85C6B8682B0F165700DC2C1E /* FirebaseDatabase */ = {
			isa = XCSwiftPackageProductDependency;
			package = 85C6B8432B0D350E00DC2C1E /* XCRemoteSwiftPackageReference "firebase-ios-sdk" */;
			productName = FirebaseDatabase;
		};
		85C6B86A2B0F165700DC2C1E /* FirebaseDatabaseSwift */ = {
			isa = XCSwiftPackageProductDependency;
			package = 85C6B8432B0D350E00DC2C1E /* XCRemoteSwiftPackageReference "firebase-ios-sdk" */;
			productName = FirebaseDatabaseSwift;
		};
		85C6B86C2B0F165700DC2C1E /* FirebaseDynamicLinks */ = {
			isa = XCSwiftPackageProductDependency;
			package = 85C6B8432B0D350E00DC2C1E /* XCRemoteSwiftPackageReference "firebase-ios-sdk" */;
			productName = FirebaseDynamicLinks;
		};
/* End XCSwiftPackageProductDependency section */
	};
	rootObject = 855E17202AB3555E000358EC /* Project object */;
}
